dependencies:
- name: knightind-common
  repository: file://../../knightind-common
  version: 0.1.0
- name: knightind-database-base
  repository: file://../../knightind-database-base
  version: 0.1.0
- name: configserver
  repository: file://../../knightind-services/configserver
  version: 0.1.0
- name: accountsdb
  repository: file://../../knightind-databases/accountsdb
  version: 0.1.0
- name: cardsdb
  repository: file://../../knightind-databases/cardsdb
  version: 0.1.0
- name: loansdb
  repository: file://../../knightind-databases/loansdb
  version: 0.1.0
- name: accounts
  repository: file://../../knightind-services/accounts
  version: 0.1.0
- name: cards
  repository: file://../../knightind-services/cards
  version: 0.1.0
- name: loans
  repository: file://../../knightind-services/loans
  version: 0.1.0
- name: gatewayserver
  repository: file://../../knightind-services/gatewayserver
  version: 0.1.0
- name: message
  repository: file://../../knightind-services/message
  version: 0.1.0
digest: sha256:4f0b3831c776ac1d3a8ddbede89345a4ecd1555b6fdb8d1945e66d3ebab547c3
generated: "2026-01-18T20:12:30.8129476+05:30"
